IyBUaGlzIGZpbGUgaXMgYXV0b21hdGljYWxseSBAZ2VuZXJhdGVkIGJ5IENhcmdvLgojIEl0IGlzIG5vdCBpbnRlbmRlZCBmb3IgbWFudWFsIGVkaXRpbmcuCnZlcnNpb24gPSA0CgpbW3BhY2thZ2VdXQpuYW1lID0gImFuZHJvaWRfc3lzdGVtX3Byb3BlcnRpZXMiCnZlcnNpb24gPSAiMC4xLjUiCnNvdXJjZSA9ICJyZWdpc3RyeStodHRwczovL2dpdGh1Yi5jb20vcnVzdC1sYW5nL2NyYXRlcy5pby1pbmRleCIKY2hlY2tzdW0gPSAiODE5ZTcyMTlkYmQ0MTA0M2FjMjc5YjE5ODMwZjJlZmM4OTcxNTY0OTBkN2ZkNmVhOTE2NzIwMTE3ZWU2NjMxMSIKZGVwZW5kZW5jaWVzID0gWwogImxpYmMiLApdCgpbW3BhY2thZ2VdXQpuYW1lID0gImFueWhvdyIKdmVyc2lvbiA9ICIxLjAuMTAwIgpzb3VyY2UgPSAicmVnaXN0cnkraHR0cHM6Ly9naXRodWIuY29tL3J1c3QtbGFuZy9jcmF0ZXMuaW8taW5kZXgiCmNoZWNrc3VtID0gImEyM2ViNmIxNjE0MzE4YTgwNzFjOWIyNTIxZjM2YjQyNGIyYzgzZGI1ZWIzYTBmZWFkNGE2YzA4MDlhZjZlNjEiCgpbW3BhY2thZ2VdXQpuYW1lID0gImFzeW5jLXRyYWl0Igp2ZXJzaW9uID0gIjAuMS44OSIKc291cmNlID0gInJlZ2lzdHJ5K2h0dHBzOi8vZ2l0aHViLmNvbS9ydXN0LWxhbmcvY3JhdGVzLmlvLWluZGV4IgpjaGVja3N1bSA9ICI5MDM1YWQyZDA5NmJlZDc5NTVhMzIwZWU3ZTIyMzA1NzRkMjhmZDNjM2EwZjE4NmNiZWExZmYzYzdlZWQ1ZGJiIgpkZXBlbmRlbmNpZXMgPSBbCiAicHJvYy1tYWNybzIiLAogInF1b3RlIiwKICJzeW4iLApdCgpbW3BhY2thZ2VdXQpuYW1lID0gImF0b21pYy13YWtlciIKdmVyc2lvbiA9ICIxLjEuMiIKc291cmNlID0gInJlZ2lzdHJ5K2h0dHBzOi8vZ2l0aHViLmNvbS9ydXN0LWxhbmcvY3JhdGVzLmlvLWluZGV4IgpjaGVja3N1bSA9ICIxNTA1YmQ1ZDNkMTE2ODcyZTcyNzFhNmQ0ZTE2ZDgxZDBjODU3MDg3NmM4ZGU2ODA5M2EwOWFjMjY5ZDhhYWMwIgoKW1twYWNrYWdlXV0KbmFtZSA9ICJhdXRvY2ZnIgp2ZXJzaW9uID0gIjEuNS4wIgpzb3VyY2UgPSAicmVnaXN0cnkraHR0cHM6Ly9naXRodWIuY29tL3J1c3QtbGFuZy9jcmF0ZXMuaW8taW5kZXgiCmNoZWNrc3VtID0gImMwODYwNmY4YzNjYmY0Y2U2ZWM4ZTI4ZmIwMDE0YTJjMDg2NzA4ZmU5NTRlYWE4ODUzODRhNjE2NTE3MmU3ZTgiCgpbW3BhY2thZ2VdXQpuYW1lID0gImF4dW0iCnZlcnNpb24gPSAiMC44LjYiCnNvdXJjZSA9ICJyZWdpc3RyeStodHRwczovL2dpdGh1Yi5jb20vcnVzdC1sYW5nL2NyYXRlcy5pby1pbmRleCIKY2hlY2tzdW0gPSAiOGExOGVkMzM2MzUyMDMxMzExZjRlMGI0ZGQyZmYzOTJkNGZiYjM3MDc3N2M5ZDE4ZDdmYzlkNzM1OWY3Mzg3MSIKZGVwZW5kZW5jaWVzID0gWwogImF4dW0tY29yZSIsCiAiYXh1bS1tYWNyb3MiLAogImJ5dGVzIiwKICJmb3JtX3VybGVuY29kZWQiLAogImZ1dHVyZXMtdXRpbCIsCiAiaHR0cCIsCiAiaHR0cC1ib2R5IiwKICJodHRwLWJvZHktdXRpbCIsCiAiaHlwZXIiLAogImh5cGVyLXV0aWwiLAogIml0b2EiLAogIm1hdGNoaXQiLAogIm1lbWNociIsCiAibWltZSIsCiAicGVyY2VudC1lbmNvZGluZyIsCiAicGluLXByb2plY3QtbGl0ZSIsCiAic2VyZGVfY29yZSIsCiAic2VyZGVfanNvbiIsCiAic2VyZGVfcGF0aF90b19lcnJvciIsCiAic2VyZGVfdXJsZW5jb2RlZCIsCiAic3luY193cmFwcGVyIiwKICJ0b2tpbyIsCiAidG93ZXIiLAogInRvd2VyLWxheWVyIiwKICJ0b3dlci1zZXJ2aWNlIiwKICJ0cmFjaW5nIiwKXQoKW1twYWNrYWdlXV0KbmFtZSA9ICJheHVtLWNvcmUiCnZlcnNpb24gPSAiMC41LjUiCnNvdXJjZSA9ICJyZWdpc3RyeStodHRwczovL2dpdGh1Yi5jb20vcnVzdC1sYW5nL2NyYXRlcy5pby1pbmRleCIKY2hlY2tzdW0gPSAiNTk0NDZjZTE5Y2QxNDJmODgzM2Y4NTZlYjMxZjNlYjA5NzgxMmQxNDc5YWIyMjRmNTRkNzI0MjhjYTIxZWEyMiIKZGVwZW5kZW5jaWVzID0gWwogImJ5dGVzIiwKICJmdXR1cmVzLWNvcmUiLAogImh0dHAiLAogImh0dHAtYm9keSIsCiAiaHR0cC1ib2R5LXV0aWwiLAogIm1pbWUiLAogInBpbi1wcm9qZWN0LWxpdGUiLAogInN5bmNfd3JhcHBlciIsCiAidG93ZXItbGF5ZXIiLAogInRvd2VyLXNlcnZpY2UiLAogInRyYWNpbmciLApdCgpbW3BhY2thZ2VdXQpuYW1lID0gImF4dW0tbWFjcm9zIgp2ZXJzaW9uID0gIjAuNS4wIgpzb3VyY2UgPSAicmVnaXN0cnkraHR0cHM6Ly9naXRodWIuY29tL3J1c3QtbGFuZy9jcmF0ZXMuaW8taW5kZXgiCmNoZWNrc3VtID0gIjYwNGZkZTVlMDI4ZmVhODUxY2UxZDg1NzBiYmRjMDM0YmVjODUwZDE1N2Y3NTY5ZDEwZjM0N2QwNjgwOGMwNWMiCmRlcGVuZGVuY2llcyA9IFsKICJwcm9jLW1hY3JvMiIsCiAicXVvdGUiLAogInN5biIsCl0KCltbcGFja2FnZV1dCm5hbWUgPSAiYmFzZTY0Igp2ZXJzaW9uID0gIjAuMjIuMSIKc291cmNlID0gInJlZ2lzdHJ5K2h0dHBzOi8vZ2l0aHViLmNvbS9ydXN0LWxhbmcvY3JhdGVzLmlvLWluZGV4IgpjaGVja3N1bSA9ICI3MmIzMjU0ZjE2MjUxYTgzODFhYTEyZTQwZTNjNGQyZjAxOTlmOGM2NTA4ZmJlY2I5ZDkxZjU3NWUwZmJiOGM2IgoKW1twYWNrYWdlXV0KbmFtZSA9ICJiaXRmbGFncyIKdmVyc2lvbiA9ICIyLjEwLjAiCnNvdXJjZSA9ICJyZWdpc3RyeStodHRwczovL2dpdGh1Yi5jb20vcnVzdC1sYW5nL2NyYXRlcy5pby1pbmRleCIKY2hlY2tzdW0gPSAiODEyZTEyYjUyODVjYzUxNWE5YzcyYTVjMWQzYjZkNDZhMTlkYWM1YWNmZWY1MjY1OTY4YzE2NjEwNmUzMWRkMyIKCltbcGFja2FnZV1dCm5hbWUgPSAiYmxvY2stYnVmZmVyIgp2ZXJzaW9uID0gIjAuMTAuNCIKc291cmNlID0gInJlZ2lzdHJ5K2h0dHBzOi8vZ2l0aHViLmNvbS9ydXN0LWxhbmcvY3JhdGVzLmlvLWluZGV4IgpjaGVja3N1bSA9ICIzMDc4Yzc2MjliNjJkM2YwNDM5NTE3ZmEzOTQ5OTZhY2FjYzVjYmM5MWM1YTIwZDhjNjU4ZTc3YWJkNTAzYTcxIgpkZXBlbmRlbmNpZXMgPSBbCiAiZ2VuZXJpYy1hcnJheSIsCl0KCltbcGFja2FnZV1dCm5hbWUgPSAiYnVtcGFsbyIKdmVyc2lvbiA9ICIzLjE5LjAiCnNvdXJjZSA9ICJyZWdpc3RyeStodHRwczovL2dpdGh1Yi5jb20vcnVzdC1sYW5nL2NyYXRlcy5pby1pbmRleCIKY2hlY2tzdW0gPSAiNDZjNWU0MWI1N2I4YmJhNDJhMDQ2NzZkODFjYjg5ZTllZThlODU5YTFhNjZmODBhNWE3MmUxY2I3NmIzNGQ0MyIKCltbcGFja2FnZV1dCm5hbWUgPSAiYnl0ZXMiCnZlcnNpb24gPSAiMS4xMC4xIgpzb3VyY2UgPSAicmVnaXN0cnkraHR0cHM6Ly9naXRodWIuY29tL3J1c3QtbGFuZy9jcmF0ZXMuaW8taW5kZXgiCmNoZWNrc3VtID0gImQ3MWI2MTI3YmU4NmZkY2ZkZGI2MTBmNzE4MmFjNTcyMTFkNGIxOGEzZTljODJlYjJkMTc2NjJmMjIyN2FkNmEiCgpbW3BhY2thZ2VdXQpuYW1lID0gImNjIgp2ZXJzaW9uID0gIjEuMi40MSIKc291cmNlID0gInJlZ2lzdHJ5K2h0dHBzOi8vZ2l0aHViLmNvbS9ydXN0LWxhbmcvY3JhdGVzLmlvLWluZGV4IgpjaGVja3N1bSA9ICJhYzlmZTZjZGJiMjRiNmFkZTYzNjE2YzBhMDY4OGU0NWJiNTY3MzIyNjJjMTU4ZGYzYzBjNGJlYTRjYTQ3Y2I3IgpkZXBlbmRlbmNpZXMgPSBbCiAiZmluZC1tc3ZjLXRvb2xzIiwKICJzaGxleCIsCl0KCltbcGFja2FnZV1dCm5hbWUgPSAiY2ZnLWlmIgp2ZXJzaW9uID0gIjEuMC40Igpzb3VyY2UgPSAicmVnaXN0cnkraHR0cHM6Ly9naXRodWIuY29tL3J1c3QtbGFuZy9jcmF0ZXMuaW8taW5kZXgiCmNoZWNrc3VtID0gIjkzMzBmOGIyZmYxM2YzNDU0MGI0NGU5NDZlZjM1MTExODI1NzI3YjM4ZDMzMjg2ZWY5ODYxNDI2MTUxMjE4MDEiCgpbW3BhY2thZ2VdXQpuYW1lID0gImNmZ19hbGlhc2Vz"